
Microsoft Visual Studio Solution File, Format Version 11.00
# Visual Studio 2010
Project("{FAE04EC0-301F-11D3-BF4B-00C04F79EFBC}") = "SharpLineCalculator", "SharpLineCalculator\SharpLineCalculator.csproj", "{94EE5383-1D01-43D1-8DCE-0D7A62EFD56B}"
EndProject
Global
	GlobalSection(SolutionConfigurationPlatforms) = preSolution
		Debug|Any CPU = Debug|Any CPU
		Release|Any CPU = Release|Any CPU
	EndGlobalSection
	GlobalSection(ProjectConfigurationPlatforms) = postSolution
		{94EE5383-1D01-43D1-8DCE-0D7A62EFD56B}.Debug|Any CPU.ActiveCfg = Debug|Any CPU
		{94EE5383-1D01-43D1-8DCE-0D7A62EFD56B}.Debug|Any CPU.Build.0 = Debug|Any CPU
		{94EE5383-1D01-43D1-8DCE-0D7A62EFD56B}.Release|Any CPU.ActiveCfg = Release|Any CPU
		{94EE5383-1D01-43D1-8DCE-0D7A62EFD56B}.Release|Any CPU.Build.0 = Release|Any CPU
	EndGlobalSection
	GlobalSection(MonoDevelopProperties) = preSolution
		StartupItem = SharpLineCalculator\SharpLineCalculator.csproj
	EndGlobalSection
EndGlobal
